schema: '2.0'
stages:
  data_collection:
    cmd: python src/data_collection.py
    deps:
    - path: src/data_collection.py
      hash: md5
      md5: da23158d5a94c1562cb38eaf20862063
      size: 1635
    outs:
    - path: data/raw
      hash: md5
      md5: 6943e655800134f51910892c621c7b98.dir
      size: 518984
      nfiles: 2
  pre_processing:
    cmd: python src/data_prep.py
    deps:
    - path: data/raw
      hash: md5
      md5: 6943e655800134f51910892c621c7b98.dir
      size: 518984
      nfiles: 2
    - path: src/data_prep.py
      hash: md5
      md5: f967d17967380e4c9ecdd0992122a3db
      size: 1512
    outs:
    - path: data/processed
      hash: md5
      md5: 74c1d1d8cd67f1dc9154360eb2636b52.dir
      size: 543617
      nfiles: 2
  model_building:
    cmd: python src/model_building.py
    deps:
    - path: data/processed
      hash: md5
      md5: 74c1d1d8cd67f1dc9154360eb2636b52.dir
      size: 543617
      nfiles: 2
    - path: src/model_building.py
      hash: md5
      md5: 535d9314edf3310f573237f70f761988
      size: 1934
    outs:
    - path: models/model.pkl
      hash: md5
      md5: b23444d960f0ff80c36d3e66abbf5b55
      size: 3674781
  model_eval:
    cmd: python src/model_eval.py
    deps:
    - path: models/model.pkl
      hash: md5
      md5: b23444d960f0ff80c36d3e66abbf5b55
      size: 3674781
    - path: src/model_eval.py
      hash: md5
      md5: fc3e4d5fdbec658e3525539e5335f0af
      size: 4233
    outs:
    - path: metrics.json
      hash: md5
      md5: 8a43313d75024c24d98447b1b039a875
      size: 141
